{
  "name": "@your-org/shared-types",
  "version": "0.0.1",
  "lockfileVersion": 3,
  "requires": true,
  "packages": {
    "": {
      "name": "@your-org/shared-types",
      "version": "0.0.1",
      "dependencies": {
        "class-transformer": "^0.5.1",
        "class-validator": "^0.14.2",
        "tslib": "^2.3.0"
      }
    },
    "node_modules/@types/validator": {
      "version": "13.15.3",
      "resolved": "https://registry.npmjs.org/@types/validator/-/validator-13.15.3.tgz",
      "integrity": "sha512-7bcUmDyS6PN3EuD9SlGGOxM77F8WLVsrwkxyWxKnxzmXoequ6c7741QBrANq6htVRGOITJ7z72mTP6Z4XyuG+Q==",
      "license": "MIT"
    },
    "node_modules/class-transformer": {
      "version": "0.5.1",
      "resolved": "https://registry.npmjs.org/class-transformer/-/class-transformer-0.5.1.tgz",
      "integrity": "sha512-SQa1Ws6hUbfC98vKGxZH3KFY0Y1lm5Zm0SY8XX9zbK7FJCyVEac3ATW0RIpwzW+oOfmHE5PMPufDG9hCfoEOMw==",
      "license": "MIT"
    },
    "node_modules/class-validator": {
      "version": "0.14.2",
      "resolved": "https://registry.npmjs.org/class-validator/-/class-validator-0.14.2.tgz",
      "integrity": "sha512-3kMVRF2io8N8pY1IFIXlho9r8IPUUIfHe2hYVtiebvAzU2XeQFXTv+XI4WX+TnXmtwXMDcjngcpkiPM0O9PvLw==",
      "license": "MIT",
      "dependencies": {
        "@types/validator": "^13.11.8",
        "libphonenumber-js": "^1.11.1",
        "validator": "^13.9.0"
      }
    },
    "node_modules/libphonenumber-js": {
      "version": "1.12.15",
      "resolved": "https://registry.npmjs.org/libphonenumber-js/-/libphonenumber-js-1.12.15.tgz",
      "integrity": "sha512-TMDCtIhWUDHh91wRC+wFuGlIzKdPzaTUHHVrIZ3vPUEoNaXFLrsIQ1ZpAeZeXApIF6rvDksMTvjrIQlLKaYxqQ==",
      "license": "MIT"
    },
    "node_modules/tslib": {
      "version": "2.8.1",
      "resolved": "https://registry.npmjs.org/tslib/-/tslib-2.8.1.tgz",
      "integrity": "sha512-oJFu94HQb+KVduSUQL7wnpmqnfmLsOA/nAh6b6EH0wCEoK0/mPeXU6c3wKDV83MkOuHPRHtSXKKU99IBazS/2w==",
      "license": "0BSD"
    },
    "node_modules/validator": {
      "version": "13.15.15",
      "resolved": "https://registry.npmjs.org/validator/-/validator-13.15.15.tgz",
      "integrity": "sha512-BgWVbCI72aIQy937xbawcs+hrVaN/CZ2UwutgaJ36hGqRrLNM+f5LUT/YPRbo8IV/ASeFzXszezV+y2+rq3l8A==",
      "license": "MIT",
      "engines": {
        "node": ">= 0.10"
      }
    }
  }
}
